{
  "name": "yy-color",
  "version": "1.1.1",
  "lockfileVersion": 1,
  "requires": true,
  "dependencies": {
    "seedrandom": {
      "version": "2.4.3",
      "resolved": "https://registry.npmjs.org/seedrandom/-/seedrandom-2.4.3.tgz",
      "integrity": "sha1-JDhQTa0zkXMUv/GKxNeU8W1qrsw="
    },
    "yy-random": {
      "version": "1.7.1",
      "resolved": "https://registry.npmjs.org/yy-random/-/yy-random-1.7.1.tgz",
      "integrity": "sha512-R7Gpyv/Cn7ohpETQdTX0ZtiDKakrXCYtwBHZ4najXq88h95RW3DonQuFQ4zcMXqFSxViWOgL6AH6MQXAC5azDA==",
      "requires": {
        "seedrandom": "^2.4.3"
      }
    }
  }
}
